
Microsoft Visual Studio Solution File, Format Version 12.00
# Visual Studio Version 17
VisualStudioVersion = 17.0.31903.59
MinimumVisualStudioVersion = 10.0.40219.1
Project("{2150E333-8FDC-42A3-9474-1A3956D46DE8}") = "Client", "Client", "{2CB42F12-E813-91B3-7D11-3220E40BEF4A}"
EndProject
Project("{FAE04EC0-301F-11D3-BF4B-00C04F79EFBC}") = "ElDorado.Client", "Client\ElDorado.Client\ElDorado.Client.csproj", "{B5D65A69-D2A9-4A6D-8362-AC9569411090}"
EndProject
Project("{2150E333-8FDC-42A3-9474-1A3956D46DE8}") = "Common", "Common", "{881589EE-639B-0A35-DBCE-5D94E4FC90C0}"
EndProject
Project("{2150E333-8FDC-42A3-9474-1A3956D46DE8}") = "Constraints", "Constraints", "{2944F9AB-9179-E390-A858-AB34C6D6ACAC}"
EndProject
Project("{FAE04EC0-301F-11D3-BF4B-00C04F79EFBC}") = "ElDorado.Constraints.Api", "Constraints\ElDorado.Constraints.Api\ElDorado.Constraints.Api.csproj", "{B6832A41-2270-4496-85D9-4BF51E2DE3DA}"
EndProject
Project("{FAE04EC0-301F-11D3-BF4B-00C04F79EFBC}") = "ElDorado.Constraints.Domain", "Constraints\ElDorado.Constraints.Domain\ElDorado.Constraints.Domain.csproj", "{940D1249-ED03-4900-9DB2-2B368474F14C}"
EndProject
Project("{FAE04EC0-301F-11D3-BF4B-00C04F79EFBC}") = "ElDorado.Constraints.Infrastructure", "Constraints\ElDorado.Constraints.Infrastructure\ElDorado.Constraints.Infrastructure.csproj", "{1CB8D054-B0EE-402D-AAFA-FC6C0AD2ED18}"
EndProject
Project("{2150E333-8FDC-42A3-9474-1A3956D46DE8}") = "Manager", "Manager", "{E023F327-27BA-B6D0-E082-B7782DED3E0E}"
EndProject
Project("{FAE04EC0-301F-11D3-BF4B-00C04F79EFBC}") = "Manager.Api", "Manager\Manager.Api\Manager.Api.csproj", "{866EAD81-43A2-429B-975D-3FB14DA8744F}"
EndProject
Project("{2150E333-8FDC-42A3-9474-1A3956D46DE8}") = "Worker", "Worker", "{6A5F9DDE-3B88-372A-C771-C486FF97143A}"
EndProject
Project("{FAE04EC0-301F-11D3-BF4B-00C04F79EFBC}") = "Worker.Api", "Worker\Worker.Api\Worker.Api.csproj", "{B5C25578-4375-4720-B956-85FB6D100DC7}"
EndProject
Project("{FAE04EC0-301F-11D3-BF4B-00C04F79EFBC}") = "Common", "Common\Common.csproj", "{06D801A1-28A2-4FC5-AD3D-85963B6C9CA8}"
EndProject
Project("{2150E333-8FDC-42A3-9474-1A3956D46DE8}") = "Infrastructure", "Infrastructure", "{DFEE68D8-A7D0-1A41-506C-9B74AA9A7B7B}"
EndProject
Project("{FAE04EC0-301F-11D3-BF4B-00C04F79EFBC}") = "Infrastructure", "Infrastructure\Infrastructure.csproj", "{AED82B19-7324-4DD4-8A4F-6B8FBE114141}"
EndProject
Project("{2150E333-8FDC-42A3-9474-1A3956D46DE8}") = "Test", "Test", "{0C88DD14-F956-CE84-757C-A364CCF449FC}"
EndProject
Project("{FAE04EC0-301F-11D3-BF4B-00C04F79EFBC}") = "Test", "Test\Test.csproj", "{593A0991-4CEB-40D3-AE44-9ABF3C66BD06}"
EndProject
Global
	GlobalSection(SolutionConfigurationPlatforms) = preSolution
		Debug|Any CPU = Debug|Any CPU
		Debug|x64 = Debug|x64
		Debug|x86 = Debug|x86
		Release|Any CPU = Release|Any CPU
		Release|x64 = Release|x64
		Release|x86 = Release|x86
	EndGlobalSection
	GlobalSection(ProjectConfigurationPlatforms) = postSolution
		{B5D65A69-D2A9-4A6D-8362-AC9569411090}.Debug|Any CPU.ActiveCfg = Debug|Any CPU
		{B5D65A69-D2A9-4A6D-8362-AC9569411090}.Debug|Any CPU.Build.0 = Debug|Any CPU
		{B5D65A69-D2A9-4A6D-8362-AC9569411090}.Debug|x64.ActiveCfg = Debug|Any CPU
		{B5D65A69-D2A9-4A6D-8362-AC9569411090}.Debug|x64.Build.0 = Debug|Any CPU
		{B5D65A69-D2A9-4A6D-8362-AC9569411090}.Debug|x86.ActiveCfg = Debug|Any CPU
		{B5D65A69-D2A9-4A6D-8362-AC9569411090}.Debug|x86.Build.0 = Debug|Any CPU
		{B5D65A69-D2A9-4A6D-8362-AC9569411090}.Release|Any CPU.ActiveCfg = Release|Any CPU
		{B5D65A69-D2A9-4A6D-8362-AC9569411090}.Release|Any CPU.Build.0 = Release|Any CPU
		{B5D65A69-D2A9-4A6D-8362-AC9569411090}.Release|x64.ActiveCfg = Release|Any CPU
		{B5D65A69-D2A9-4A6D-8362-AC9569411090}.Release|x64.Build.0 = Release|Any CPU
		{B5D65A69-D2A9-4A6D-8362-AC9569411090}.Release|x86.ActiveCfg = Release|Any CPU
		{B5D65A69-D2A9-4A6D-8362-AC9569411090}.Release|x86.Build.0 = Release|Any CPU
		{B6832A41-2270-4496-85D9-4BF51E2DE3DA}.Debug|Any CPU.ActiveCfg = Debug|Any CPU
		{B6832A41-2270-4496-85D9-4BF51E2DE3DA}.Debug|Any CPU.Build.0 = Debug|Any CPU
		{B6832A41-2270-4496-85D9-4BF51E2DE3DA}.Debug|x64.ActiveCfg = Debug|Any CPU
		{B6832A41-2270-4496-85D9-4BF51E2DE3DA}.Debug|x64.Build.0 = Debug|Any CPU
		{B6832A41-2270-4496-85D9-4BF51E2DE3DA}.Debug|x86.ActiveCfg = Debug|Any CPU
		{B6832A41-2270-4496-85D9-4BF51E2DE3DA}.Debug|x86.Build.0 = Debug|Any CPU
		{B6832A41-2270-4496-85D9-4BF51E2DE3DA}.Release|Any CPU.ActiveCfg = Release|Any CPU
		{B6832A41-2270-4496-85D9-4BF51E2DE3DA}.Release|Any CPU.Build.0 = Release|Any CPU
		{B6832A41-2270-4496-85D9-4BF51E2DE3DA}.Release|x64.ActiveCfg = Release|Any CPU
		{B6832A41-2270-4496-85D9-4BF51E2DE3DA}.Release|x64.Build.0 = Release|Any CPU
		{B6832A41-2270-4496-85D9-4BF51E2DE3DA}.Release|x86.ActiveCfg = Release|Any CPU
		{B6832A41-2270-4496-85D9-4BF51E2DE3DA}.Release|x86.Build.0 = Release|Any CPU
		{940D1249-ED03-4900-9DB2-2B368474F14C}.Debug|Any CPU.ActiveCfg = Debug|Any CPU
		{940D1249-ED03-4900-9DB2-2B368474F14C}.Debug|Any CPU.Build.0 = Debug|Any CPU
		{940D1249-ED03-4900-9DB2-2B368474F14C}.Debug|x64.ActiveCfg = Debug|Any CPU
		{940D1249-ED03-4900-9DB2-2B368474F14C}.Debug|x64.Build.0 = Debug|Any CPU
		{940D1249-ED03-4900-9DB2-2B368474F14C}.Debug|x86.ActiveCfg = Debug|Any CPU
		{940D1249-ED03-4900-9DB2-2B368474F14C}.Debug|x86.Build.0 = Debug|Any CPU
		{940D1249-ED03-4900-9DB2-2B368474F14C}.Release|Any CPU.ActiveCfg = Release|Any CPU
		{940D1249-ED03-4900-9DB2-2B368474F14C}.Release|Any CPU.Build.0 = Release|Any CPU
		{940D1249-ED03-4900-9DB2-2B368474F14C}.Release|x64.ActiveCfg = Release|Any CPU
		{940D1249-ED03-4900-9DB2-2B368474F14C}.Release|x64.Build.0 = Release|Any CPU
		{940D1249-ED03-4900-9DB2-2B368474F14C}.Release|x86.ActiveCfg = Release|Any CPU
		{940D1249-ED03-4900-9DB2-2B368474F14C}.Release|x86.Build.0 = Release|Any CPU
		{1CB8D054-B0EE-402D-AAFA-FC6C0AD2ED18}.Debug|Any CPU.ActiveCfg = Debug|Any CPU
		{1CB8D054-B0EE-402D-AAFA-FC6C0AD2ED18}.Debug|Any CPU.Build.0 = Debug|Any CPU
		{1CB8D054-B0EE-402D-AAFA-FC6C0AD2ED18}.Debug|x64.ActiveCfg = Debug|Any CPU
		{1CB8D054-B0EE-402D-AAFA-FC6C0AD2ED18}.Debug|x64.Build.0 = Debug|Any CPU
		{1CB8D054-B0EE-402D-AAFA-FC6C0AD2ED18}.Debug|x86.ActiveCfg = Debug|Any CPU
		{1CB8D054-B0EE-402D-AAFA-FC6C0AD2ED18}.Debug|x86.Build.0 = Debug|Any CPU
		{1CB8D054-B0EE-402D-AAFA-FC6C0AD2ED18}.Release|Any CPU.ActiveCfg = Release|Any CPU
		{1CB8D054-B0EE-402D-AAFA-FC6C0AD2ED18}.Release|Any CPU.Build.0 = Release|Any CPU
		{1CB8D054-B0EE-402D-AAFA-FC6C0AD2ED18}.Release|x64.ActiveCfg = Release|Any CPU
		{1CB8D054-B0EE-402D-AAFA-FC6C0AD2ED18}.Release|x64.Build.0 = Release|Any CPU
		{1CB8D054-B0EE-402D-AAFA-FC6C0AD2ED18}.Release|x86.ActiveCfg = Release|Any CPU
		{1CB8D054-B0EE-402D-AAFA-FC6C0AD2ED18}.Release|x86.Build.0 = Release|Any CPU
		{866EAD81-43A2-429B-975D-3FB14DA8744F}.Debug|Any CPU.ActiveCfg = Debug|Any CPU
		{866EAD81-43A2-429B-975D-3FB14DA8744F}.Debug|Any CPU.Build.0 = Debug|Any CPU
		{866EAD81-43A2-429B-975D-3FB14DA8744F}.Debug|x64.ActiveCfg = Debug|Any CPU
		{866EAD81-43A2-429B-975D-3FB14DA8744F}.Debug|x64.Build.0 = Debug|Any CPU
		{866EAD81-43A2-429B-975D-3FB14DA8744F}.Debug|x86.ActiveCfg = Debug|Any CPU
		{866EAD81-43A2-429B-975D-3FB14DA8744F}.Debug|x86.Build.0 = Debug|Any CPU
		{866EAD81-43A2-429B-975D-3FB14DA8744F}.Release|Any CPU.ActiveCfg = Release|Any CPU
		{866EAD81-43A2-429B-975D-3FB14DA8744F}.Release|Any CPU.Build.0 = Release|Any CPU
		{866EAD81-43A2-429B-975D-3FB14DA8744F}.Release|x64.ActiveCfg = Release|Any CPU
		{866EAD81-43A2-429B-975D-3FB14DA8744F}.Release|x64.Build.0 = Release|Any CPU
		{866EAD81-43A2-429B-975D-3FB14DA8744F}.Release|x86.ActiveCfg = Release|Any CPU
		{866EAD81-43A2-429B-975D-3FB14DA8744F}.Release|x86.Build.0 = Release|Any CPU
		{B5C25578-4375-4720-B956-85FB6D100DC7}.Debug|Any CPU.ActiveCfg = Debug|Any CPU
		{B5C25578-4375-4720-B956-85FB6D100DC7}.Debug|Any CPU.Build.0 = Debug|Any CPU
		{B5C25578-4375-4720-B956-85FB6D100DC7}.Debug|x64.ActiveCfg = Debug|Any CPU
		{B5C25578-4375-4720-B956-85FB6D100DC7}.Debug|x64.Build.0 = Debug|Any CPU
		{B5C25578-4375-4720-B956-85FB6D100DC7}.Debug|x86.ActiveCfg = Debug|Any CPU
		{B5C25578-4375-4720-B956-85FB6D100DC7}.Debug|x86.Build.0 = Debug|Any CPU
		{B5C25578-4375-4720-B956-85FB6D100DC7}.Release|Any CPU.ActiveCfg = Release|Any CPU
		{B5C25578-4375-4720-B956-85FB6D100DC7}.Release|Any CPU.Build.0 = Release|Any CPU
		{B5C25578-4375-4720-B956-85FB6D100DC7}.Release|x64.ActiveCfg = Release|Any CPU
		{B5C25578-4375-4720-B956-85FB6D100DC7}.Release|x64.Build.0 = Release|Any CPU
		{B5C25578-4375-4720-B956-85FB6D100DC7}.Release|x86.ActiveCfg = Release|Any CPU
		{B5C25578-4375-4720-B956-85FB6D100DC7}.Release|x86.Build.0 = Release|Any CPU
		{06D801A1-28A2-4FC5-AD3D-85963B6C9CA8}.Debug|Any CPU.ActiveCfg = Debug|Any CPU
		{06D801A1-28A2-4FC5-AD3D-85963B6C9CA8}.Debug|Any CPU.Build.0 = Debug|Any CPU
		{06D801A1-28A2-4FC5-AD3D-85963B6C9CA8}.Debug|x64.ActiveCfg = Debug|Any CPU
		{06D801A1-28A2-4FC5-AD3D-85963B6C9CA8}.Debug|x64.Build.0 = Debug|Any CPU
		{06D801A1-28A2-4FC5-AD3D-85963B6C9CA8}.Debug|x86.ActiveCfg = Debug|Any CPU
		{06D801A1-28A2-4FC5-AD3D-85963B6C9CA8}.Debug|x86.Build.0 = Debug|Any CPU
		{06D801A1-28A2-4FC5-AD3D-85963B6C9CA8}.Release|Any CPU.ActiveCfg = Release|Any CPU
		{06D801A1-28A2-4FC5-AD3D-85963B6C9CA8}.Release|Any CPU.Build.0 = Release|Any CPU
		{06D801A1-28A2-4FC5-AD3D-85963B6C9CA8}.Release|x64.ActiveCfg = Release|Any CPU
		{06D801A1-28A2-4FC5-AD3D-85963B6C9CA8}.Release|x64.Build.0 = Release|Any CPU
		{06D801A1-28A2-4FC5-AD3D-85963B6C9CA8}.Release|x86.ActiveCfg = Release|Any CPU
		{06D801A1-28A2-4FC5-AD3D-85963B6C9CA8}.Release|x86.Build.0 = Release|Any CPU
		{AED82B19-7324-4DD4-8A4F-6B8FBE114141}.Debug|Any CPU.ActiveCfg = Debug|Any CPU
		{AED82B19-7324-4DD4-8A4F-6B8FBE114141}.Debug|Any CPU.Build.0 = Debug|Any CPU
		{AED82B19-7324-4DD4-8A4F-6B8FBE114141}.Debug|x64.ActiveCfg = Debug|Any CPU
		{AED82B19-7324-4DD4-8A4F-6B8FBE114141}.Debug|x64.Build.0 = Debug|Any CPU
		{AED82B19-7324-4DD4-8A4F-6B8FBE114141}.Debug|x86.ActiveCfg = Debug|Any CPU
		{AED82B19-7324-4DD4-8A4F-6B8FBE114141}.Debug|x86.Build.0 = Debug|Any CPU
		{AED82B19-7324-4DD4-8A4F-6B8FBE114141}.Release|Any CPU.ActiveCfg = Release|Any CPU
		{AED82B19-7324-4DD4-8A4F-6B8FBE114141}.Release|Any CPU.Build.0 = Release|Any CPU
		{AED82B19-7324-4DD4-8A4F-6B8FBE114141}.Release|x64.ActiveCfg = Release|Any CPU
		{AED82B19-7324-4DD4-8A4F-6B8FBE114141}.Release|x64.Build.0 = Release|Any CPU
		{AED82B19-7324-4DD4-8A4F-6B8FBE114141}.Release|x86.ActiveCfg = Release|Any CPU
		{AED82B19-7324-4DD4-8A4F-6B8FBE114141}.Release|x86.Build.0 = Release|Any CPU
		{593A0991-4CEB-40D3-AE44-9ABF3C66BD06}.Debug|Any CPU.ActiveCfg = Debug|Any CPU
		{593A0991-4CEB-40D3-AE44-9ABF3C66BD06}.Debug|Any CPU.Build.0 = Debug|Any CPU
		{593A0991-4CEB-40D3-AE44-9ABF3C66BD06}.Debug|x64.ActiveCfg = Debug|Any CPU
		{593A0991-4CEB-40D3-AE44-9ABF3C66BD06}.Debug|x64.Build.0 = Debug|Any CPU
		{593A0991-4CEB-40D3-AE44-9ABF3C66BD06}.Debug|x86.ActiveCfg = Debug|Any CPU
		{593A0991-4CEB-40D3-AE44-9ABF3C66BD06}.Debug|x86.Build.0 = Debug|Any CPU
		{593A0991-4CEB-40D3-AE44-9ABF3C66BD06}.Release|Any CPU.ActiveCfg = Release|Any CPU
		{593A0991-4CEB-40D3-AE44-9ABF3C66BD06}.Release|Any CPU.Build.0 = Release|Any CPU
		{593A0991-4CEB-40D3-AE44-9ABF3C66BD06}.Release|x64.ActiveCfg = Release|Any CPU
		{593A0991-4CEB-40D3-AE44-9ABF3C66BD06}.Release|x64.Build.0 = Release|Any CPU
		{593A0991-4CEB-40D3-AE44-9ABF3C66BD06}.Release|x86.ActiveCfg = Release|Any CPU
		{593A0991-4CEB-40D3-AE44-9ABF3C66BD06}.Release|x86.Build.0 = Release|Any CPU
	EndGlobalSection
	GlobalSection(SolutionProperties) = preSolution
		HideSolutionNode = FALSE
	EndGlobalSection
	GlobalSection(NestedProjects) = preSolution
		{B5D65A69-D2A9-4A6D-8362-AC9569411090} = {2CB42F12-E813-91B3-7D11-3220E40BEF4A}
		{B6832A41-2270-4496-85D9-4BF51E2DE3DA} = {2944F9AB-9179-E390-A858-AB34C6D6ACAC}
		{940D1249-ED03-4900-9DB2-2B368474F14C} = {2944F9AB-9179-E390-A858-AB34C6D6ACAC}
		{1CB8D054-B0EE-402D-AAFA-FC6C0AD2ED18} = {2944F9AB-9179-E390-A858-AB34C6D6ACAC}
		{866EAD81-43A2-429B-975D-3FB14DA8744F} = {E023F327-27BA-B6D0-E082-B7782DED3E0E}
		{B5C25578-4375-4720-B956-85FB6D100DC7} = {6A5F9DDE-3B88-372A-C771-C486FF97143A}
		{06D801A1-28A2-4FC5-AD3D-85963B6C9CA8} = {881589EE-639B-0A35-DBCE-5D94E4FC90C0}
		{AED82B19-7324-4DD4-8A4F-6B8FBE114141} = {DFEE68D8-A7D0-1A41-506C-9B74AA9A7B7B}
		{593A0991-4CEB-40D3-AE44-9ABF3C66BD06} = {0C88DD14-F956-CE84-757C-A364CCF449FC}
	EndGlobalSection
EndGlobal
